
Microsoft Visual Studio Solution File, Format Version 12.00
# Visual Studio Version 17
VisualStudioVersion = 17.14.36804.6
MinimumVisualStudioVersion = 10.0.40219.1
Project("{FAE04EC0-301F-11D3-BF4B-00C04F79EFBC}") = "ApiProjectCampWebApi", "ApiProjectCampWebApi\ApiProjectCampWebApi.csproj", "{74E86698-9AC8-4F01-A2EF-3B27CEF7B286}"
EndProject
Project("{FAE04EC0-301F-11D3-BF4B-00C04F79EFBC}") = "ApiProjeCampWebUI", "ApiProjeCampWebUI\ApiProjeCampWebUI.csproj", "{C8DE8A2A-2FFA-4E98-8346-C5DB5B4E7401}"
EndProject
Global
	GlobalSection(SolutionConfigurationPlatforms) = preSolution
		Debug|Any CPU = Debug|Any CPU
		Release|Any CPU = Release|Any CPU
	EndGlobalSection
	GlobalSection(ProjectConfigurationPlatforms) = postSolution
		{74E86698-9AC8-4F01-A2EF-3B27CEF7B286}.Debug|Any CPU.ActiveCfg = Debug|Any CPU
		{74E86698-9AC8-4F01-A2EF-3B27CEF7B286}.Debug|Any CPU.Build.0 = Debug|Any CPU
		{74E86698-9AC8-4F01-A2EF-3B27CEF7B286}.Release|Any CPU.ActiveCfg = Release|Any CPU
		{74E86698-9AC8-4F01-A2EF-3B27CEF7B286}.Release|Any CPU.Build.0 = Release|Any CPU
		{C8DE8A2A-2FFA-4E98-8346-C5DB5B4E7401}.Debug|Any CPU.ActiveCfg = Debug|Any CPU
		{C8DE8A2A-2FFA-4E98-8346-C5DB5B4E7401}.Debug|Any CPU.Build.0 = Debug|Any CPU
		{C8DE8A2A-2FFA-4E98-8346-C5DB5B4E7401}.Release|Any CPU.ActiveCfg = Release|Any CPU
		{C8DE8A2A-2FFA-4E98-8346-C5DB5B4E7401}.Release|Any CPU.Build.0 = Release|Any CPU
	EndGlobalSection
	GlobalSection(SolutionProperties) = preSolution
		HideSolutionNode = FALSE
	EndGlobalSection
	GlobalSection(ExtensibilityGlobals) = postSolution
		SolutionGuid = {D6CCE9DD-7043-4327-B7BE-0CD2736C86CE}
	EndGlobalSection
EndGlobal
